<?xml version="1.0" encoding="utf-8"?>
<Project ToolsVersion="4.0" xmlns="http://schemas.microsoft.com/developer/msbuild/2003">
  <ItemGroup>
    <ClCompile Include="..\Classes\AppDelegate.cpp" />
    <ClCompile Include="..\Classes\HelloWorldScene.cpp" />
    <ClCompile Include="main.cpp" />
    <ClCompile Include="..\Classes\Component\GamingLayer.cpp">
      <Filter>Component</Filter>
    </ClCompile>
    <ClCompile Include="..\Classes\Component\Cannon.cpp">
      <Filter>Component</Filter>
    </ClCompile>
    <ClCompile Include="..\Classes\Component\ControllPanel.cpp">
      <Filter>Component</Filter>
    </ClCompile>
    <ClCompile Include="..\Classes\CsvReader\CsvReader.cpp">
      <Filter>CsvReader</Filter>
    </ClCompile>
    <ClCompile Include="..\Classes\GameData\MonsterData.cpp">
      <Filter>GameData</Filter>
    </ClCompile>
    <ClCompile Include="..\Classes\GameData\PlayerData.cpp">
      <Filter>GameData</Filter>
    </ClCompile>
    <ClCompile Include="..\Classes\XmlReader\XmlReader.cpp">
      <Filter>XmlReader</Filter>
    </ClCompile>
    <ClCompile Include="..\Classes\LoginScene.cpp" />
    <ClCompile Include="..\Classes\Component\Bullet.cpp">
      <Filter>Component</Filter>
    </ClCompile>
    <ClCompile Include="..\Classes\GameData\MonsterMrg.cpp">
      <Filter>GameData</Filter>
    </ClCompile>
    <ClCompile Include="..\Classes\GameData\PlayerMrg.cpp">
      <Filter>GameData</Filter>
    </ClCompile>
    <ClCompile Include="..\Classes\Component\PauseLayer.cpp">
      <Filter>Component</Filter>
    </ClCompile>
    <ClCompile Include="..\Classes\Utils\Utils.cpp">
      <Filter>Utils</Filter>
    </ClCompile>
  </ItemGroup>
  <ItemGroup>
    <ClInclude Include="..\Classes\AppDelegate.h" />
    <ClInclude Include="..\Classes\HelloWorldScene.h" />
    <ClInclude Include="main.h" />
    <ClInclude Include="..\Classes\Component\GamingLayer.h">
      <Filter>Component</Filter>
    </ClInclude>
    <ClInclude Include="..\Classes\Component\Cannon.h">
      <Filter>Component</Filter>
    </ClInclude>
    <ClInclude Include="..\Classes\Component\ControllPanel.h">
      <Filter>Component</Filter>
    </ClInclude>
    <ClInclude Include="..\Classes\Config\NotificationNameConfig.h">
      <Filter>Config</Filter>
    </ClInclude>
    <ClInclude Include="..\Classes\CsvReader\CsvReader.h">
      <Filter>CsvReader</Filter>
    </ClInclude>
    <ClInclude Include="..\Classes\GameData\MonsterData.h">
      <Filter>GameData</Filter>
    </ClInclude>
    <ClInclude Include="..\Classes\GameData\PlayerData.h">
      <Filter>GameData</Filter>
    </ClInclude>
    <ClInclude Include="..\Classes\XmlReader\rapidxml.hpp">
      <Filter>XmlReader</Filter>
    </ClInclude>
    <ClInclude Include="..\Classes\XmlReader\rapidxml_iterators.hpp">
      <Filter>XmlReader</Filter>
    </ClInclude>
    <ClInclude Include="..\Classes\XmlReader\rapidxml_print.hpp">
      <Filter>XmlReader</Filter>
    </ClInclude>
    <ClInclude Include="..\Classes\XmlReader\rapidxml_utils.hpp">
      <Filter>XmlReader</Filter>
    </ClInclude>
    <ClInclude Include="..\Classes\XmlReader\XmlReader.h">
      <Filter>XmlReader</Filter>
    </ClInclude>
    <ClInclude Include="..\Classes\LoginScene.h" />
    <ClInclude Include="..\Classes\Component\Bullet.h">
      <Filter>Component</Filter>
    </ClInclude>
    <ClInclude Include="..\Classes\Config\BaseConfig.h">
      <Filter>Config</Filter>
    </ClInclude>
    <ClInclude Include="..\Classes\GameData\MonsterMrg.h">
      <Filter>GameData</Filter>
    </ClInclude>
    <ClInclude Include="..\Classes\GameData\PlayerMrg.h">
      <Filter>GameData</Filter>
    </ClInclude>
    <ClInclude Include="..\Classes\Component\PauseLayer.h">
      <Filter>Component</Filter>
    </ClInclude>
    <ClInclude Include="..\Classes\Utils\Utils.h">
      <Filter>Utils</Filter>
    </ClInclude>
  </ItemGroup>
  <ItemGroup>
    <Filter Include="Component">
      <UniqueIdentifier>{338f751a-b739-48fb-b8b4-ac47f9e6993c}</UniqueIdentifier>
    </Filter>
    <Filter Include="Config">
      <UniqueIdentifier>{3828b73b-066d-47ca-b855-18597640dfeb}</UniqueIdentifier>
    </Filter>
    <Filter Include="CsvReader">
      <UniqueIdentifier>{c5331d6f-ccc6-40c6-b4e0-ce2e20306c8c}</UniqueIdentifier>
    </Filter>
    <Filter Include="GameData">
      <UniqueIdentifier>{dc893a8b-ed9d-4888-9460-de7da9f82b2f}</UniqueIdentifier>
    </Filter>
    <Filter Include="XmlReader">
      <UniqueIdentifier>{e7efbc56-dfc3-42d0-b3f3-e3afdd882eb9}</UniqueIdentifier>
    </Filter>
    <Filter Include="Utils">
      <UniqueIdentifier>{c0ca509d-de5e-4278-a8f9-619f8325f7bd}</UniqueIdentifier>
    </Filter>
  </ItemGroup>
</Project>